<?xml version="1.0" encoding="utf-8"?>
<Project ToolsVersion="4.0" xmlns="http://schemas.microsoft.com/developer/msbuild/2003">
  <ItemGroup>
    <Filter Include="Source Files">
      <UniqueIdentifier>{4FC737F1-C7A5-4376-A066-2A32D752A2FF}</UniqueIdentifier>
      <Extensions>cpp;c;cc;cxx;def;odl;idl;hpj;bat;asm;asmx</Extensions>
    </Filter>
    <Filter Include="Header Files">
      <UniqueIdentifier>{93995380-89BD-4b04-88EB-625FBE52EBFB}</UniqueIdentifier>
      <Extensions>h;hh;hpp;hxx;hm;inl;inc;xsd</Extensions>
    </Filter>
    <Filter Include="Resource Files">
      <UniqueIdentifier>{67DA6AB6-F800-4c08-8B7A-83BB121AAD01}</UniqueIdentifier>
      <Extensions>rc;ico;cur;bmp;dlg;rc2;rct;bin;rgs;gif;jpg;jpeg;jpe;resx;tiff;tif;png;wav</Extensions>
    </Filter>
  </ItemGroup>
  <ItemGroup>
    <ClCompile Include="app\src\App.cpp">
      <Filter>Source Files</Filter>
    </ClCompile>
    <ClCompile Include="app\src\Camera.cpp">
      <Filter>Source Files</Filter>
    </ClCompile>
    <ClCompile Include="app\src\Graphics.cpp">
      <Filter>Source Files</Filter>
    </ClCompile>
    <ClCompile Include="app\src\ImGuiManager.cpp">
      <Filter>Source Files</Filter>
    </ClCompile>
    <ClCompile Include="app\src\Surface.cpp">
      <Filter>Source Files</Filter>
    </ClCompile>
    <ClCompile Include="app\src\WinMain.cpp">
      <Filter>Source Files</Filter>
    </ClCompile>
    <ClCompile Include="app\src\bindable\Bindable.cpp">
      <Filter>Source Files</Filter>
    </ClCompile>
    <ClCompile Include="app\src\bindable\IndexBuffer.cpp">
      <Filter>Source Files</Filter>
    </ClCompile>
    <ClCompile Include="app\src\bindable\InputLayout.cpp">
      <Filter>Source Files</Filter>
    </ClCompile>
    <ClCompile Include="app\src\bindable\PixelShader.cpp">
      <Filter>Source Files</Filter>
    </ClCompile>
    <ClCompile Include="app\src\bindable\Sampler.cpp">
      <Filter>Source Files</Filter>
    </ClCompile>
    <ClCompile Include="app\src\bindable\Texture.cpp">
      <Filter>Source Files</Filter>
    </ClCompile>
    <ClCompile Include="app\src\bindable\Topology.cpp">
      <Filter>Source Files</Filter>
    </ClCompile>
    <ClCompile Include="app\src\bindable\TransformCbuf.cpp">
      <Filter>Source Files</Filter>
    </ClCompile>
    <ClCompile Include="app\src\bindable\VertexBuffer.cpp">
      <Filter>Source Files</Filter>
    </ClCompile>
    <ClCompile Include="app\src\bindable\VertexShader.cpp">
      <Filter>Source Files</Filter>
    </ClCompile>
    <ClCompile Include="app\src\drawable\DrawableBase.cpp">
      <Filter>Source Files</Filter>
    </ClCompile>
    <ClCompile Include="app\src\drawable\object\Box.cpp">
      <Filter>Source Files</Filter>
    </ClCompile>
    <ClCompile Include="app\src\drawable\object\Drawing.cpp">
      <Filter>Source Files</Filter>
    </ClCompile>
    <ClCompile Include="app\src\drawable\object\Pyramid.cpp">
      <Filter>Source Files</Filter>
    </ClCompile>
    <ClCompile Include="app\src\exception\Exception.cpp">
      <Filter>Source Files</Filter>
    </ClCompile>
    <ClCompile Include="app\src\exception\GraphicsException.cpp">
      <Filter>Source Files</Filter>
    </ClCompile>
    <ClCompile Include="app\src\exception\WindowException.cpp">
      <Filter>Source Files</Filter>
    </ClCompile>
    <ClCompile Include="app\src\io\Keyboard.cpp">
      <Filter>Source Files</Filter>
    </ClCompile>
    <ClCompile Include="app\src\io\Mouse.cpp">
      <Filter>Source Files</Filter>
    </ClCompile>
    <ClCompile Include="app\src\utils\Timer.cpp">
      <Filter>Source Files</Filter>
    </ClCompile>
    <ClCompile Include="app\src\window\Window.cpp">
      <Filter>Source Files</Filter>
    </ClCompile>
    <ClCompile Include="utils\Color.cpp">
      <Filter>Source Files</Filter>
    </ClCompile>
  </ItemGroup>
  <ItemGroup>
    <ClInclude Include="app\include\BindableBase.h">
      <Filter>Header Files</Filter>
    </ClInclude>
    <ClInclude Include="app\include\NexusIO.h">
      <Filter>Header Files</Filter>
    </ClInclude>
    <ClInclude Include="app\include\NexusMacro.h">
      <Filter>Header Files</Filter>
    </ClInclude>
    <ClInclude Include="app\include\NexusMath.h">
      <Filter>Header Files</Filter>
    </ClInclude>
    <ClInclude Include="app\resources\targetver.h">
      <Filter>Header Files</Filter>
    </ClInclude>
    <ClInclude Include="app\src\App.h">
      <Filter>Header Files</Filter>
    </ClInclude>
    <ClInclude Include="app\src\Camera.h">
      <Filter>Header Files</Filter>
    </ClInclude>
    <ClInclude Include="app\src\Graphics.h">
      <Filter>Header Files</Filter>
    </ClInclude>
    <ClInclude Include="app\src\ImGuiManager.h">
      <Filter>Header Files</Filter>
    </ClInclude>
    <ClInclude Include="app\src\Surface.h">
      <Filter>Header Files</Filter>
    </ClInclude>
    <ClInclude Include="app\src\bindable\Bindable.h">
      <Filter>Header Files</Filter>
    </ClInclude>
    <ClInclude Include="app\src\bindable\ConstantBuffer.h">
      <Filter>Header Files</Filter>
    </ClInclude>
    <ClInclude Include="app\src\bindable\IndexBuffer.h">
      <Filter>Header Files</Filter>
    </ClInclude>
    <ClInclude Include="app\src\bindable\InputLayout.h">
      <Filter>Header Files</Filter>
    </ClInclude>
    <ClInclude Include="app\src\bindable\PixelShader.h">
      <Filter>Header Files</Filter>
    </ClInclude>
    <ClInclude Include="app\src\bindable\Sampler.h">
      <Filter>Header Files</Filter>
    </ClInclude>
    <ClInclude Include="app\src\bindable\Texture.h">
      <Filter>Header Files</Filter>
    </ClInclude>
    <ClInclude Include="app\src\bindable\Topology.h">
      <Filter>Header Files</Filter>
    </ClInclude>
    <ClInclude Include="app\src\bindable\TransformCbuf.h">
      <Filter>Header Files</Filter>
    </ClInclude>
    <ClInclude Include="app\src\bindable\VertexBuffer.h">
      <Filter>Header Files</Filter>
    </ClInclude>
    <ClInclude Include="app\src\bindable\VertexShader.h">
      <Filter>Header Files</Filter>
    </ClInclude>
    <ClInclude Include="app\src\drawable\Drawable.h">
      <Filter>Header Files</Filter>
    </ClInclude>
    <ClInclude Include="app\src\drawable\DrawableBase.h">
      <Filter>Header Files</Filter>
    </ClInclude>
    <ClInclude Include="app\src\drawable\mesh\Cone.h">
      <Filter>Header Files</Filter>
    </ClInclude>
    <ClInclude Include="app\src\drawable\mesh\Cube.h">
      <Filter>Header Files</Filter>
    </ClInclude>
    <ClInclude Include="app\src\drawable\mesh\IndexedTriangle.h">
      <Filter>Header Files</Filter>
    </ClInclude>
    <ClInclude Include="app\src\drawable\mesh\Plane.h">
      <Filter>Header Files</Filter>
    </ClInclude>
    <ClInclude Include="app\src\drawable\mesh\Sphere.h">
      <Filter>Header Files</Filter>
    </ClInclude>
    <ClInclude Include="app\src\drawable\object\Box.h">
      <Filter>Header Files</Filter>
    </ClInclude>
    <ClInclude Include="app\src\drawable\object\Drawing.h">
      <Filter>Header Files</Filter>
    </ClInclude>
    <ClInclude Include="app\src\drawable\object\Object.h">
      <Filter>Header Files</Filter>
    </ClInclude>
    <ClInclude Include="app\src\drawable\object\Pyramid.h">
      <Filter>Header Files</Filter>
    </ClInclude>
    <ClInclude Include="app\src\exception\Exception.h">
      <Filter>Header Files</Filter>
    </ClInclude>
    <ClInclude Include="app\src\exception\GraphicsException.h">
      <Filter>Header Files</Filter>
    </ClInclude>
    <ClInclude Include="app\src\exception\WindowException.h">
      <Filter>Header Files</Filter>
    </ClInclude>
    <ClInclude Include="app\src\io\Keyboard.h">
      <Filter>Header Files</Filter>
    </ClInclude>
    <ClInclude Include="app\src\io\Mouse.h">
      <Filter>Header Files</Filter>
    </ClInclude>
    <ClInclude Include="app\src\utils\Timer.h">
      <Filter>Header Files</Filter>
    </ClInclude>
    <ClInclude Include="app\src\window\Window.h">
      <Filter>Header Files</Filter>
    </ClInclude>
    <ClInclude Include="utils\Color.h">
      <Filter>Header Files</Filter>
    </ClInclude>
  </ItemGroup>
  <ItemGroup>
    <ResourceCompile Include="app\resources\WindowsProject.rc">
      <Filter>Resource Files</Filter>
    </ResourceCompile>
  </ItemGroup>
</Project>